// !$*UTF8*$!
{
	archiveVersion = 1;
	classes = {
	};
	objectVersion = 50;
	objects = {

/* Begin PBXBuildFile section */
		FF5A254B22A1A3AA006FC3FD /* AppDelegate.swift in Sources */ = {isa = PBXBuildFile; fileRef = FF5A254A22A1A3AA006FC3FD /* AppDelegate.swift */; };
		FF5A254D22A1A3AA006FC3FD /* MapViewController.swift in Sources */ = {isa = PBXBuildFile; fileRef = FF5A254C22A1A3AA006FC3FD /* MapViewController.swift */; };
		FF5A255022A1A3AA006FC3FD /* run_explorer.xcdatamodeld in Sources */ = {isa = PBXBuildFile; fileRef = FF5A254E22A1A3AA006FC3FD /* run_explorer.xcdatamodeld */; };
		FF5A255222A1A3AB006FC3FD /* Assets.xcassets in Resources */ = {isa = PBXBuildFile; fileRef = FF5A255122A1A3AB006FC3FD /* Assets.xcassets */; };
		FF5A255522A1A3AB006FC3FD /* Main.storyboard in Resources */ = {isa = PBXBuildFile; fileRef = FF5A255322A1A3AB006FC3FD /* Main.storyboard */; };
		FF5A256122A1A3AB006FC3FD /* run_explorerTests.swift in Sources */ = {isa = PBXBuildFile; fileRef = FF5A256022A1A3AB006FC3FD /* run_explorerTests.swift */; };
		FF5A256C22A1B103006FC3FD /* map.osm in Resources */ = {isa = PBXBuildFile; fileRef = FF5A256B22A1B103006FC3FD /* map.osm */; };
		FF5A256E22A1B375006FC3FD /* OsmParser.swift in Sources */ = {isa = PBXBuildFile; fileRef = FF5A256D22A1B375006FC3FD /* OsmParser.swift */; };
		FF5A257122A1BDA6006FC3FD /* Utilities.swift in Sources */ = {isa = PBXBuildFile; fileRef = FF5A257022A1BDA5006FC3FD /* Utilities.swift */; };
		FF5A257422A20D0C006FC3FD /* map.osm.orig in Resources */ = {isa = PBXBuildFile; fileRef = FF5A257322A20D0C006FC3FD /* map.osm.orig */; };
		FF5A257622A3550F006FC3FD /* Strava.swift in Sources */ = {isa = PBXBuildFile; fileRef = FF5A257522A3550F006FC3FD /* Strava.swift */; };
		FF5A257822A3593C006FC3FD /* Secrets.plist in Resources */ = {isa = PBXBuildFile; fileRef = FF5A257722A3593C006FC3FD /* Secrets.plist */; };
/* End PBXBuildFile section */

/* Begin PBXContainerItemProxy section */
		FF5A255D22A1A3AB006FC3FD /* PBXContainerItemProxy */ = {
			isa = PBXContainerItemProxy;
			containerPortal = FF5A253F22A1A3AA006FC3FD /* Project object */;
			proxyType = 1;
			remoteGlobalIDString = FF5A254622A1A3AA006FC3FD;
			remoteInfo = "run-explorer";
		};
/* End PBXContainerItemProxy section */

/* Begin PBXFileReference section */
		FF5A254722A1A3AA006FC3FD /* run-explorer.app */ = {isa = PBXFileReference; explicitFileType = wrapper.application; includeInIndex = 0; path = "run-explorer.app"; sourceTree = BUILT_PRODUCTS_DIR; };
		FF5A254A22A1A3AA006FC3FD /* AppDelegate.swift */ = {isa = PBXFileReference; lastKnownFileType = sourcecode.swift; path = AppDelegate.swift; sourceTree = "<group>"; };
		FF5A254C22A1A3AA006FC3FD /* MapViewController.swift */ = {isa = PBXFileReference; lastKnownFileType = sourcecode.swift; path = MapViewController.swift; sourceTree = "<group>"; };
		FF5A254F22A1A3AA006FC3FD /* run_explorer.xcdatamodel */ = {isa = PBXFileReference; lastKnownFileType = wrapper.xcdatamodel; path = run_explorer.xcdatamodel; sourceTree = "<group>"; };
		FF5A255122A1A3AB006FC3FD /* Assets.xcassets */ = {isa = PBXFileReference; lastKnownFileType = folder.assetcatalog; path = Assets.xcassets; sourceTree = "<group>"; };
		FF5A255422A1A3AB006FC3FD /* Base */ = {isa = PBXFileReference; lastKnownFileType = file.storyboard; name = Base; path = Base.lproj/Main.storyboard; sourceTree = "<group>"; };
		FF5A255622A1A3AB006FC3FD /* Info.plist */ = {isa = PBXFileReference; lastKnownFileType = text.plist.xml; path = Info.plist; sourceTree = "<group>"; };
		FF5A255C22A1A3AB006FC3FD /* run-explorerTests.xctest */ = {isa = PBXFileReference; explicitFileType = wrapper.cfbundle; includeInIndex = 0; path = "run-explorerTests.xctest"; sourceTree = BUILT_PRODUCTS_DIR; };
		FF5A256022A1A3AB006FC3FD /* run_explorerTests.swift */ = {isa = PBXFileReference; lastKnownFileType = sourcecode.swift; path = run_explorerTests.swift; sourceTree = "<group>"; };
		FF5A256222A1A3AB006FC3FD /* Info.plist */ = {isa = PBXFileReference; lastKnownFileType = text.plist.xml; path = Info.plist; sourceTree = "<group>"; };
		FF5A256B22A1B103006FC3FD /* map.osm */ = {isa = PBXFileReference; fileEncoding = 4; lastKnownFileType = text.xml; name = map.osm; path = ../../../Downloads/map.osm; sourceTree = "<group>"; };
		FF5A256D22A1B375006FC3FD /* OsmParser.swift */ = {isa = PBXFileReference; lastKnownFileType = sourcecode.swift; path = OsmParser.swift; sourceTree = "<group>"; };
		FF5A257022A1BDA5006FC3FD /* Utilities.swift */ = {isa = PBXFileReference; lastKnownFileType = sourcecode.swift; path = Utilities.swift; sourceTree = "<group>"; };
		FF5A257322A20D0C006FC3FD /* map.osm.orig */ = {isa = PBXFileReference; fileEncoding = 4; lastKnownFileType = text.xml; name = map.osm.orig; path = ../../../Downloads/map.osm.orig; sourceTree = "<group>"; };
		FF5A257522A3550F006FC3FD /* Strava.swift */ = {isa = PBXFileReference; lastKnownFileType = sourcecode.swift; path = Strava.swift; sourceTree = "<group>"; };
		FF5A257722A3593C006FC3FD /* Secrets.plist */ = {isa = PBXFileReference; lastKnownFileType = text.plist.xml; path = Secrets.plist; sourceTree = "<group>"; };
		FF5A257922A4168B006FC3FD /* run-explorer.entitlements */ = {isa = PBXFileReference; lastKnownFileType = text.plist.entitlements; path = "run-explorer.entitlements"; sourceTree = "<group>"; };
/* End PBXFileReference section */

/* Begin PBXFrameworksBuildPhase section */
		FF5A254422A1A3AA006FC3FD /* Frameworks */ = {
			isa = PBXFrameworksBuildPhase;
			buildActionMask = 2147483647;
			files = (
			);
			runOnlyForDeploymentPostprocessing = 0;
		};
		FF5A255922A1A3AB006FC3FD /* Frameworks */ = {
			isa = PBXFrameworksBuildPhase;
			buildActionMask = 2147483647;
			files = (
			);
			runOnlyForDeploymentPostprocessing = 0;
		};
/* End PBXFrameworksBuildPhase section */

/* Begin PBXGroup section */
		FF5A253E22A1A3AA006FC3FD = {
			isa = PBXGroup;
			children = (
				FF5A254922A1A3AA006FC3FD /* run-explorer */,
				FF5A255F22A1A3AB006FC3FD /* run-explorerTests */,
				FF5A254822A1A3AA006FC3FD /* Products */,
			);
			sourceTree = "<group>";
		};
		FF5A254822A1A3AA006FC3FD /* Products */ = {
			isa = PBXGroup;
			children = (
				FF5A254722A1A3AA006FC3FD /* run-explorer.app */,
				FF5A255C22A1A3AB006FC3FD /* run-explorerTests.xctest */,
			);
			name = Products;
			sourceTree = "<group>";
		};
		FF5A254922A1A3AA006FC3FD /* run-explorer */ = {
			isa = PBXGroup;
			children = (
				FF5A254A22A1A3AA006FC3FD /* AppDelegate.swift */,
				FF5A254C22A1A3AA006FC3FD /* MapViewController.swift */,
				FF5A256D22A1B375006FC3FD /* OsmParser.swift */,
				FF5A257522A3550F006FC3FD /* Strava.swift */,
				FF5A257022A1BDA5006FC3FD /* Utilities.swift */,
				FF5A255122A1A3AB006FC3FD /* Assets.xcassets */,
				FF5A255322A1A3AB006FC3FD /* Main.storyboard */,
				FF5A255622A1A3AB006FC3FD /* Info.plist */,
				FF5A257722A3593C006FC3FD /* Secrets.plist */,
				FF5A257922A4168B006FC3FD /* run-explorer.entitlements */,
				FF5A254E22A1A3AA006FC3FD /* run_explorer.xcdatamodeld */,
				FF5A256B22A1B103006FC3FD /* map.osm */,
				FF5A257322A20D0C006FC3FD /* map.osm.orig */,
			);
			path = "run-explorer";
			sourceTree = "<group>";
		};
		FF5A255F22A1A3AB006FC3FD /* run-explorerTests */ = {
			isa = PBXGroup;
			children = (
				FF5A256022A1A3AB006FC3FD /* run_explorerTests.swift */,
				FF5A256222A1A3AB006FC3FD /* Info.plist */,
			);
			path = "run-explorerTests";
			sourceTree = "<group>";
		};
/* End PBXGroup section */

/* Begin PBXNativeTarget section */
		FF5A254622A1A3AA006FC3FD /* run-explorer */ = {
			isa = PBXNativeTarget;
			buildConfigurationList = FF5A256522A1A3AB006FC3FD /* Build configuration list for PBXNativeTarget "run-explorer" */;
			buildPhases = (
				FF5A254322A1A3AA006FC3FD /* Sources */,
				FF5A254422A1A3AA006FC3FD /* Frameworks */,
				FF5A254522A1A3AA006FC3FD /* Resources */,
			);
			buildRules = (
			);
			dependencies = (
			);
			name = "run-explorer";
			productName = "run-explorer";
			productReference = FF5A254722A1A3AA006FC3FD /* run-explorer.app */;
			productType = "com.apple.product-type.application";
		};
		FF5A255B22A1A3AB006FC3FD /* run-explorerTests */ = {
			isa = PBXNativeTarget;
			buildConfigurationList = FF5A256822A1A3AB006FC3FD /* Build configuration list for PBXNativeTarget "run-explorerTests" */;
			buildPhases = (
				FF5A255822A1A3AB006FC3FD /* Sources */,
				FF5A255922A1A3AB006FC3FD /* Frameworks */,
				FF5A255A22A1A3AB006FC3FD /* Resources */,
			);
			buildRules = (
			);
			dependencies = (
				FF5A255E22A1A3AB006FC3FD /* PBXTargetDependency */,
			);
			name = "run-explorerTests";
			productName = "run-explorerTests";
			productReference = FF5A255C22A1A3AB006FC3FD /* run-explorerTests.xctest */;
			productType = "com.apple.product-type.bundle.unit-test";
		};
/* End PBXNativeTarget section */

/* Begin PBXProject section */
		FF5A253F22A1A3AA006FC3FD /* Project object */ = {
			isa = PBXProject;
			attributes = {
				LastSwiftUpdateCheck = 1020;
				LastUpgradeCheck = 1020;
				ORGANIZATIONNAME = KK;
				TargetAttributes = {
					FF5A254622A1A3AA006FC3FD = {
						CreatedOnToolsVersion = 10.2.1;
						SystemCapabilities = {
							com.apple.Sandbox = {
								enabled = 1;
							};
						};
					};
					FF5A255B22A1A3AB006FC3FD = {
						CreatedOnToolsVersion = 10.2.1;
						TestTargetID = FF5A254622A1A3AA006FC3FD;
					};
				};
			};
			buildConfigurationList = FF5A254222A1A3AA006FC3FD /* Build configuration list for PBXProject "run-explorer" */;
			compatibilityVersion = "Xcode 9.3";
			developmentRegion = en;
			hasScannedForEncodings = 0;
			knownRegions = (
				en,
				Base,
			);
			mainGroup = FF5A253E22A1A3AA006FC3FD;
			productRefGroup = FF5A254822A1A3AA006FC3FD /* Products */;
			projectDirPath = "";
			projectRoot = "";
			targets = (
				FF5A254622A1A3AA006FC3FD /* run-explorer */,
				FF5A255B22A1A3AB006FC3FD /* run-explorerTests */,
			);
		};
/* End PBXProject section */

/* Begin PBXResourcesBuildPhase section */
		FF5A254522A1A3AA006FC3FD /* Resources */ = {
			isa = PBXResourcesBuildPhase;
			buildActionMask = 2147483647;
			files = (
				FF5A256C22A1B103006FC3FD /* map.osm in Resources */,
				FF5A257822A3593C006FC3FD /* Secrets.plist in Resources */,
				FF5A255222A1A3AB006FC3FD /* Assets.xcassets in Resources */,
				FF5A257422A20D0C006FC3FD /* map.osm.orig in Resources */,
				FF5A255522A1A3AB006FC3FD /* Main.storyboard in Resources */,
			);
			runOnlyForDeploymentPostprocessing = 0;
		};
		FF5A255A22A1A3AB006FC3FD /* Resources */ = {
			isa = PBXResourcesBuildPhase;
			buildActionMask = 2147483647;
			files = (
			);
			runOnlyForDeploymentPostprocessing = 0;
		};
/* End PBXResourcesBuildPhase section */

/* Begin PBXSourcesBuildPhase section */
		FF5A254322A1A3AA006FC3FD /* Sources */ = {
			isa = PBXSourcesBuildPhase;
			buildActionMask = 2147483647;
			files = (
				FF5A257622A3550F006FC3FD /* Strava.swift in Sources */,
				FF5A255022A1A3AA006FC3FD /* run_explorer.xcdatamodeld in Sources */,
				FF5A254D22A1A3AA006FC3FD /* MapViewController.swift in Sources */,
				FF5A256E22A1B375006FC3FD /* OsmParser.swift in Sources */,
				FF5A257122A1BDA6006FC3FD /* Utilities.swift in Sources */,
				FF5A254B22A1A3AA006FC3FD /* AppDelegate.swift in Sources */,
			);
			runOnlyForDeploymentPostprocessing = 0;
		};
		FF5A255822A1A3AB006FC3FD /* Sources */ = {
			isa = PBXSourcesBuildPhase;
			buildActionMask = 2147483647;
			files = (
				FF5A256122A1A3AB006FC3FD /* run_explorerTests.swift in Sources */,
			);
			runOnlyForDeploymentPostprocessing = 0;
		};
/* End PBXSourcesBuildPhase section */

/* Begin PBXTargetDependency section */
		FF5A255E22A1A3AB006FC3FD /* PBXTargetDependency */ = {
			isa = PBXTargetDependency;
			target = FF5A254622A1A3AA006FC3FD /* run-explorer */;
			targetProxy = FF5A255D22A1A3AB006FC3FD /* PBXContainerItemProxy */;
		};
/* End PBXTargetDependency section */

/* Begin PBXVariantGroup section */
		FF5A255322A1A3AB006FC3FD /* Main.storyboard */ = {
			isa = PBXVariantGroup;
			children = (
				FF5A255422A1A3AB006FC3FD /* Base */,
			);
			name = Main.storyboard;
			sourceTree = "<group>";
		};
/* End PBXVariantGroup section */

/* Begin XCBuildConfiguration section */
		FF5A256322A1A3AB006FC3FD /* Debug */ = {
			isa = XCBuildConfiguration;
			buildSettings = {
				ALWAYS_SEARCH_USER_PATHS = NO;
				CLANG_ANALYZER_NONNULL = YES;
				CLANG_ANALYZER_NUMBER_OBJECT_CONVERSION = YES_AGGRESSIVE;
				CLANG_CXX_LANGUAGE_STANDARD = "gnu++14";
				CLANG_CXX_LIBRARY = "libc++";
				CLANG_ENABLE_MODULES = YES;
				CLANG_ENABLE_OBJC_ARC = YES;
				CLANG_ENABLE_OBJC_WEAK = YES;
				CLANG_WARN_BLOCK_CAPTURE_AUTORELEASING = YES;
				CLANG_WARN_BOOL_CONVERSION = YES;
				CLANG_WARN_COMMA = YES;
				CLANG_WARN_CONSTANT_CONVERSION = YES;
				CLANG_WARN_DEPRECATED_OBJC_IMPLEMENTATIONS = YES;
				CLANG_WARN_DIRECT_OBJC_ISA_USAGE = YES_ERROR;
				CLANG_WARN_DOCUMENTATION_COMMENTS = YES;
				CLANG_WARN_EMPTY_BODY = YES;
				CLANG_WARN_ENUM_CONVERSION = YES;
				CLANG_WARN_INFINITE_RECURSION = YES;
				CLANG_WARN_INT_CONVERSION = YES;
				CLANG_WARN_NON_LITERAL_NULL_CONVERSION = YES;
				CLANG_WARN_OBJC_IMPLICIT_RETAIN_SELF = YES;
				CLANG_WARN_OBJC_LITERAL_CONVERSION = YES;
				CLANG_WARN_OBJC_ROOT_CLASS = YES_ERROR;
				CLANG_WARN_RANGE_LOOP_ANALYSIS = YES;
				CLANG_WARN_STRICT_PROTOTYPES = YES;
				CLANG_WARN_SUSPICIOUS_MOVE = YES;
				CLANG_WARN_UNGUARDED_AVAILABILITY = YES_AGGRESSIVE;
				CLANG_WARN_UNREACHABLE_CODE = YES;
				CLANG_WARN__DUPLICATE_METHOD_MATCH = YES;
				CODE_SIGN_IDENTITY = "Mac Developer";
				COPY_PHASE_STRIP = NO;
				DEBUG_INFORMATION_FORMAT = dwarf;
				ENABLE_STRICT_OBJC_MSGSEND = YES;
				ENABLE_TESTABILITY = YES;
				GCC_C_LANGUAGE_STANDARD = gnu11;
				GCC_DYNAMIC_NO_PIC = NO;
				GCC_NO_COMMON_BLOCKS = YES;
				GCC_OPTIMIZATION_LEVEL = 0;
				GCC_PREPROCESSOR_DEFINITIONS = (
					"DEBUG=1",
					"$(inherited)",
				);
				GCC_WARN_64_TO_32_BIT_CONVERSION = YES;
				GCC_WARN_ABOUT_RETURN_TYPE = YES_ERROR;
				GCC_WARN_UNDECLARED_SELECTOR = YES;
				GCC_WARN_UNINITIALIZED_AUTOS = YES_AGGRESSIVE;
				GCC_WARN_UNUSED_FUNCTION = YES;
				GCC_WARN_UNUSED_VARIABLE = YES;
				MACOSX_DEPLOYMENT_TARGET = 10.14;
				MTL_ENABLE_DEBUG_INFO = INCLUDE_SOURCE;
				MTL_FAST_MATH = YES;
				ONLY_ACTIVE_ARCH = YES;
				SDKROOT = macosx;
				SWIFT_ACTIVE_COMPILATION_CONDITIONS = DEBUG;
				SWIFT_OPTIMIZATION_LEVEL = "-Onone";
			};
			name = Debug;
		};
		FF5A256422A1A3AB006FC3FD /* Release */ = {
			isa = XCBuildConfiguration;
			buildSettings = {
				ALWAYS_SEARCH_USER_PATHS = NO;
				CLANG_ANALYZER_NONNULL = YES;
				CLANG_ANALYZER_NUMBER_OBJECT_CONVERSION = YES_AGGRESSIVE;
				CLANG_CXX_LANGUAGE_STANDARD = "gnu++14";
				CLANG_CXX_LIBRARY = "libc++";
				CLANG_ENABLE_MODULES = YES;
				CLANG_ENABLE_OBJC_ARC = YES;
				CLANG_ENABLE_OBJC_WEAK = YES;
				CLANG_WARN_BLOCK_CAPTURE_AUTORELEASING = YES;
				CLANG_WARN_BOOL_CONVERSION = YES;
				CLANG_WARN_COMMA = YES;
				CLANG_WARN_CONSTANT_CONVERSION = YES;
				CLANG_WARN_DEPRECATED_OBJC_IMPLEMENTATIONS = YES;
				CLANG_WARN_DIRECT_OBJC_ISA_USAGE = YES_ERROR;
				CLANG_WARN_DOCUMENTATION_COMMENTS = YES;
				CLANG_WARN_EMPTY_BODY = YES;
				CLANG_WARN_ENUM_CONVERSION = YES;
				CLANG_WARN_INFINITE_RECURSION = YES;
				CLANG_WARN_INT_CONVERSION = YES;
				CLANG_WARN_NON_LITERAL_NULL_CONVERSION = YES;
				CLANG_WARN_OBJC_IMPLICIT_RETAIN_SELF = YES;
				CLANG_WARN_OBJC_LITERAL_CONVERSION = YES;
				CLANG_WARN_OBJC_ROOT_CLASS = YES_ERROR;
				CLANG_WARN_RANGE_LOOP_ANALYSIS = YES;
				CLANG_WARN_STRICT_PROTOTYPES = YES;
				CLANG_WARN_SUSPICIOUS_MOVE = YES;
				CLANG_WARN_UNGUARDED_AVAILABILITY = YES_AGGRESSIVE;
				CLANG_WARN_UNREACHABLE_CODE = YES;
				CLANG_WARN__DUPLICATE_METHOD_MATCH = YES;
				CODE_SIGN_IDENTITY = "Mac Developer";
				COPY_PHASE_STRIP = NO;
				DEBUG_INFORMATION_FORMAT = "dwarf-with-dsym";
				ENABLE_NS_ASSERTIONS = NO;
				ENABLE_STRICT_OBJC_MSGSEND = YES;
				GCC_C_LANGUAGE_STANDARD = gnu11;
				GCC_NO_COMMON_BLOCKS = YES;
				GCC_WARN_64_TO_32_BIT_CONVERSION = YES;
				GCC_WARN_ABOUT_RETURN_TYPE = YES_ERROR;
				GCC_WARN_UNDECLARED_SELECTOR = YES;
				GCC_WARN_UNINITIALIZED_AUTOS = YES_AGGRESSIVE;
				GCC_WARN_UNUSED_FUNCTION = YES;
				GCC_WARN_UNUSED_VARIABLE = YES;
				MACOSX_DEPLOYMENT_TARGET = 10.14;
				MTL_ENABLE_DEBUG_INFO = NO;
				MTL_FAST_MATH = YES;
				SDKROOT = macosx;
				SWIFT_COMPILATION_MODE = wholemodule;
				SWIFT_OPTIMIZATION_LEVEL = "-O";
			};
			name = Release;
		};
		FF5A256622A1A3AB006FC3FD /* Debug */ = {
			isa = XCBuildConfiguration;
			buildSettings = {
				ASSETCATALOG_COMPILER_APPICON_NAME = AppIcon;
				CODE_SIGN_ENTITLEMENTS = "run-explorer/run-explorer.entitlements";
				CODE_SIGN_STYLE = Automatic;
				COMBINE_HIDPI_IMAGES = YES;
				DEVELOPMENT_TEAM = LG2FJE6R72;
				INFOPLIST_FILE = "run-explorer/Info.plist";
				LD_RUNPATH_SEARCH_PATHS = (
					"$(inherited)",
					"@executable_path/../Frameworks",
				);
				PRODUCT_BUNDLE_IDENTIFIER = "com.kk.run-explorer";
				PRODUCT_NAME = "$(TARGET_NAME)";
				SWIFT_VERSION = 5.0;
			};
			name = Debug;
		};
		FF5A256722A1A3AB006FC3FD /* Release */ = {
			isa = XCBuildConfiguration;
			buildSettings = {
				ASSETCATALOG_COMPILER_APPICON_NAME = AppIcon;
				CODE_SIGN_ENTITLEMENTS = "run-explorer/run-explorer.entitlements";
				CODE_SIGN_STYLE = Automatic;
				COMBINE_HIDPI_IMAGES = YES;
				DEVELOPMENT_TEAM = LG2FJE6R72;
				INFOPLIST_FILE = "run-explorer/Info.plist";
				LD_RUNPATH_SEARCH_PATHS = (
					"$(inherited)",
					"@executable_path/../Frameworks",
				);
				PRODUCT_BUNDLE_IDENTIFIER = "com.kk.run-explorer";
				PRODUCT_NAME = "$(TARGET_NAME)";
				SWIFT_VERSION = 5.0;
			};
			name = Release;
		};
		FF5A256922A1A3AB006FC3FD /* Debug */ = {
			isa = XCBuildConfiguration;
			buildSettings = {
				ALWAYS_EMBED_SWIFT_STANDARD_LIBRARIES = YES;
				BUNDLE_LOADER = "$(TEST_HOST)";
				CODE_SIGN_STYLE = Automatic;
				COMBINE_HIDPI_IMAGES = YES;
				DEVELOPMENT_TEAM = LG2FJE6R72;
				INFOPLIST_FILE = "run-explorerTests/Info.plist";
				LD_RUNPATH_SEARCH_PATHS = (
					"$(inherited)",
					"@executable_path/../Frameworks",
					"@loader_path/../Frameworks",
				);
				PRODUCT_BUNDLE_IDENTIFIER = "com.kk.run-explorerTests";
				PRODUCT_NAME = "$(TARGET_NAME)";
				SWIFT_VERSION = 5.0;
				TEST_HOST = "$(BUILT_PRODUCTS_DIR)/run-explorer.app/Contents/MacOS/run-explorer";
			};
			name = Debug;
		};
		FF5A256A22A1A3AB006FC3FD /* Release */ = {
			isa = XCBuildConfiguration;
			buildSettings = {
				ALWAYS_EMBED_SWIFT_STANDARD_LIBRARIES = YES;
				BUNDLE_LOADER = "$(TEST_HOST)";
				CODE_SIGN_STYLE = Automatic;
				COMBINE_HIDPI_IMAGES = YES;
				DEVELOPMENT_TEAM = LG2FJE6R72;
				INFOPLIST_FILE = "run-explorerTests/Info.plist";
				LD_RUNPATH_SEARCH_PATHS = (
					"$(inherited)",
					"@executable_path/../Frameworks",
					"@loader_path/../Frameworks",
				);
				PRODUCT_BUNDLE_IDENTIFIER = "com.kk.run-explorerTests";
				PRODUCT_NAME = "$(TARGET_NAME)";
				SWIFT_VERSION = 5.0;
				TEST_HOST = "$(BUILT_PRODUCTS_DIR)/run-explorer.app/Contents/MacOS/run-explorer";
			};
			name = Release;
		};
/* End XCBuildConfiguration section */

/* Begin XCConfigurationList section */
		FF5A254222A1A3AA006FC3FD /* Build configuration list for PBXProject "run-explorer" */ = {
			isa = XCConfigurationList;
			buildConfigurations = (
				FF5A256322A1A3AB006FC3FD /* Debug */,
				FF5A256422A1A3AB006FC3FD /* Release */,
			);
			defaultConfigurationIsVisible = 0;
			defaultConfigurationName = Release;
		};
		FF5A256522A1A3AB006FC3FD /* Build configuration list for PBXNativeTarget "run-explorer" */ = {
			isa = XCConfigurationList;
			buildConfigurations = (
				FF5A256622A1A3AB006FC3FD /* Debug */,
				FF5A256722A1A3AB006FC3FD /* Release */,
			);
			defaultConfigurationIsVisible = 0;
			defaultConfigurationName = Release;
		};
		FF5A256822A1A3AB006FC3FD /* Build configuration list for PBXNativeTarget "run-explorerTests" */ = {
			isa = XCConfigurationList;
			buildConfigurations = (
				FF5A256922A1A3AB006FC3FD /* Debug */,
				FF5A256A22A1A3AB006FC3FD /* Release */,
			);
			defaultConfigurationIsVisible = 0;
			defaultConfigurationName = Release;
		};
/* End XCConfigurationList section */

/* Begin XCVersionGroup section */
		FF5A254E22A1A3AA006FC3FD /* run_explorer.xcdatamodeld */ = {
			isa = XCVersionGroup;
			children = (
				FF5A254F22A1A3AA006FC3FD /* run_explorer.xcdatamodel */,
			);
			currentVersion = FF5A254F22A1A3AA006FC3FD /* run_explorer.xcdatamodel */;
			path = run_explorer.xcdatamodeld;
			sourceTree = "<group>";
			versionGroupType = wrapper.xcdatamodel;
		};
/* End XCVersionGroup section */
	};
	rootObject = FF5A253F22A1A3AA006FC3FD /* Project object */;
}
